// !$*UTF8*$!
{
	archiveVersion = 1;
	classes = {
	};
	objectVersion = 52;
	objects = {

/* Begin PBXBuildFile section */
		354D6D9424AB516B000D0103 /* ForecastWeatherViewController.swift in Sources */ = {isa = PBXBuildFile; fileRef = 354D6D9324AB516B000D0103 /* ForecastWeatherViewController.swift */; };
		354D6D9824AB925A000D0103 /* CurrentWeatherViewModel.swift in Sources */ = {isa = PBXBuildFile; fileRef = 354D6D9724AB925A000D0103 /* CurrentWeatherViewModel.swift */; };
		354D6D9A24ABC12D000D0103 /* ViewModelItem.swift in Sources */ = {isa = PBXBuildFile; fileRef = 354D6D9924ABC12D000D0103 /* ViewModelItem.swift */; };
		354D6DA124ABC6A8000D0103 /* CurrentTemperatureTableViewCell.swift in Sources */ = {isa = PBXBuildFile; fileRef = 354D6DA024ABC6A8000D0103 /* CurrentTemperatureTableViewCell.swift */; };
		354D6DA324ABC6E9000D0103 /* ConfigurableCell.swift in Sources */ = {isa = PBXBuildFile; fileRef = 354D6DA224ABC6E9000D0103 /* ConfigurableCell.swift */; };
		3557B20124ABCE3C008B6947 /* CurrentWeatherTableViewManager.swift in Sources */ = {isa = PBXBuildFile; fileRef = 3557B20024ABCE3C008B6947 /* CurrentWeatherTableViewManager.swift */; };
		3592676B24AA04F40066306D /* Assets.xcassets in Resources */ = {isa = PBXBuildFile; fileRef = 3592676A24AA04F40066306D /* Assets.xcassets */; };
		3592676E24AA04F40066306D /* LaunchScreen.storyboard in Resources */ = {isa = PBXBuildFile; fileRef = 3592676C24AA04F40066306D /* LaunchScreen.storyboard */; };
		3592677B24AA05640066306D /* Config.swift in Sources */ = {isa = PBXBuildFile; fileRef = 3592677724AA05640066306D /* Config.swift */; };
		3592677C24AA05640066306D /* AppDelegate.swift in Sources */ = {isa = PBXBuildFile; fileRef = 3592677824AA05640066306D /* AppDelegate.swift */; };
		3592677D24AA05640066306D /* SceneDelegate.swift in Sources */ = {isa = PBXBuildFile; fileRef = 3592677924AA05640066306D /* SceneDelegate.swift */; };
		3592677E24AA05640066306D /* Design.swift in Sources */ = {isa = PBXBuildFile; fileRef = 3592677A24AA05640066306D /* Design.swift */; };
		3592678224AA05700066306D /* CurrentWeatherViewController.swift in Sources */ = {isa = PBXBuildFile; fileRef = 3592678024AA05700066306D /* CurrentWeatherViewController.swift */; };
		3592678324AA05700066306D /* ViewsCoordinator.swift in Sources */ = {isa = PBXBuildFile; fileRef = 3592678124AA05700066306D /* ViewsCoordinator.swift */; };
		3592678824AA09660066306D /* SnapKit in Frameworks */ = {isa = PBXBuildFile; productRef = 3592678724AA09660066306D /* SnapKit */; };
		3592678B24AA09CD0066306D /* Alamofire in Frameworks */ = {isa = PBXBuildFile; productRef = 3592678A24AA09CD0066306D /* Alamofire */; };
		3592678D24AA0AC20066306D /* URLRequestBuilder.swift in Sources */ = {isa = PBXBuildFile; fileRef = 3592678C24AA0AC20066306D /* URLRequestBuilder.swift */; };
		3592679324AA398A0066306D /* PlistParser.swift in Sources */ = {isa = PBXBuildFile; fileRef = 3592679224AA398A0066306D /* PlistParser.swift */; };
		3592679524AA3D5C0066306D /* Keys.plist in Resources */ = {isa = PBXBuildFile; fileRef = 3592679424AA3D5C0066306D /* Keys.plist */; };
		3592679724AA4DDA0066306D /* NetworkService.swift in Sources */ = {isa = PBXBuildFile; fileRef = 3592679624AA4DDA0066306D /* NetworkService.swift */; };
		3592679A24AA51CD0066306D /* CurrentWeather.swift in Sources */ = {isa = PBXBuildFile; fileRef = 3592679924AA51CD0066306D /* CurrentWeather.swift */; };
/* End PBXBuildFile section */

/* Begin PBXFileReference section */
		354D6D9324AB516B000D0103 /* ForecastWeatherViewController.swift */ = {isa = PBXFileReference; lastKnownFileType = sourcecode.swift; path = ForecastWeatherViewController.swift; sourceTree = "<group>"; };
		354D6D9724AB925A000D0103 /* CurrentWeatherViewModel.swift */ = {isa = PBXFileReference; lastKnownFileType = sourcecode.swift; path = CurrentWeatherViewModel.swift; sourceTree = "<group>"; };
		354D6D9924ABC12D000D0103 /* ViewModelItem.swift */ = {isa = PBXFileReference; lastKnownFileType = sourcecode.swift; path = ViewModelItem.swift; sourceTree = "<group>"; };
		354D6DA024ABC6A8000D0103 /* CurrentTemperatureTableViewCell.swift */ = {isa = PBXFileReference; lastKnownFileType = sourcecode.swift; path = CurrentTemperatureTableViewCell.swift; sourceTree = "<group>"; };
		354D6DA224ABC6E9000D0103 /* ConfigurableCell.swift */ = {isa = PBXFileReference; lastKnownFileType = sourcecode.swift; path = ConfigurableCell.swift; sourceTree = "<group>"; };
		3557B20024ABCE3C008B6947 /* CurrentWeatherTableViewManager.swift */ = {isa = PBXFileReference; lastKnownFileType = sourcecode.swift; path = CurrentWeatherTableViewManager.swift; sourceTree = "<group>"; };
		3592675E24AA04F30066306D /* NetworkingTestingApp.app */ = {isa = PBXFileReference; explicitFileType = wrapper.application; includeInIndex = 0; path = NetworkingTestingApp.app; sourceTree = BUILT_PRODUCTS_DIR; };
		3592676A24AA04F40066306D /* Assets.xcassets */ = {isa = PBXFileReference; lastKnownFileType = folder.assetcatalog; path = Assets.xcassets; sourceTree = "<group>"; };
		3592676D24AA04F40066306D /* Base */ = {isa = PBXFileReference; lastKnownFileType = file.storyboard; name = Base; path = Base.lproj/LaunchScreen.storyboard; sourceTree = "<group>"; };
		3592676F24AA04F40066306D /* Info.plist */ = {isa = PBXFileReference; lastKnownFileType = text.plist.xml; path = Info.plist; sourceTree = "<group>"; };
		3592677724AA05640066306D /* Config.swift */ = {isa = PBXFileReference; fileEncoding = 4; lastKnownFileType = sourcecode.swift; path = Config.swift; sourceTree = "<group>"; };
		3592677824AA05640066306D /* AppDelegate.swift */ = {isa = PBXFileReference; fileEncoding = 4; lastKnownFileType = sourcecode.swift; path = AppDelegate.swift; sourceTree = "<group>"; };
		3592677924AA05640066306D /* SceneDelegate.swift */ = {isa = PBXFileReference; fileEncoding = 4; lastKnownFileType = sourcecode.swift; path = SceneDelegate.swift; sourceTree = "<group>"; };
		3592677A24AA05640066306D /* Design.swift */ = {isa = PBXFileReference; fileEncoding = 4; lastKnownFileType = sourcecode.swift; path = Design.swift; sourceTree = "<group>"; };
		3592678024AA05700066306D /* CurrentWeatherViewController.swift */ = {isa = PBXFileReference; fileEncoding = 4; lastKnownFileType = sourcecode.swift; path = CurrentWeatherViewController.swift; sourceTree = "<group>"; };
		3592678124AA05700066306D /* ViewsCoordinator.swift */ = {isa = PBXFileReference; fileEncoding = 4; lastKnownFileType = sourcecode.swift; path = ViewsCoordinator.swift; sourceTree = "<group>"; };
		3592678C24AA0AC20066306D /* URLRequestBuilder.swift */ = {isa = PBXFileReference; lastKnownFileType = sourcecode.swift; path = URLRequestBuilder.swift; sourceTree = "<group>"; };
		3592679224AA398A0066306D /* PlistParser.swift */ = {isa = PBXFileReference; lastKnownFileType = sourcecode.swift; path = PlistParser.swift; sourceTree = "<group>"; };
		3592679424AA3D5C0066306D /* Keys.plist */ = {isa = PBXFileReference; lastKnownFileType = text.plist.xml; path = Keys.plist; sourceTree = "<group>"; };
		3592679624AA4DDA0066306D /* NetworkService.swift */ = {isa = PBXFileReference; lastKnownFileType = sourcecode.swift; path = NetworkService.swift; sourceTree = "<group>"; };
		3592679924AA51CD0066306D /* CurrentWeather.swift */ = {isa = PBXFileReference; lastKnownFileType = sourcecode.swift; path = CurrentWeather.swift; sourceTree = "<group>"; };
/* End PBXFileReference section */

/* Begin PBXFrameworksBuildPhase section */
		3592675B24AA04F30066306D /* Frameworks */ = {
			isa = PBXFrameworksBuildPhase;
			buildActionMask = 2147483647;
			files = (
				3592678824AA09660066306D /* SnapKit in Frameworks */,
				3592678B24AA09CD0066306D /* Alamofire in Frameworks */,
			);
			runOnlyForDeploymentPostprocessing = 0;
		};
/* End PBXFrameworksBuildPhase section */

/* Begin PBXGroup section */
		354D6D9524AB922B000D0103 /* View Models */ = {
			isa = PBXGroup;
			children = (
				354D6D9924ABC12D000D0103 /* ViewModelItem.swift */,
				354D6D9724AB925A000D0103 /* CurrentWeatherViewModel.swift */,
			);
			path = "View Models";
			sourceTree = "<group>";
		};
		354D6D9B24ABC5D0000D0103 /* CurrentWeather */ = {
			isa = PBXGroup;
			children = (
				354D6D9D24ABC5F2000D0103 /* Cells */,
				3592678024AA05700066306D /* CurrentWeatherViewController.swift */,
				3557B20024ABCE3C008B6947 /* CurrentWeatherTableViewManager.swift */,
			);
			path = CurrentWeather;
			sourceTree = "<group>";
		};
		354D6D9C24ABC5DD000D0103 /* ForecastWeather */ = {
			isa = PBXGroup;
			children = (
				354D6D9324AB516B000D0103 /* ForecastWeatherViewController.swift */,
			);
			path = ForecastWeather;
			sourceTree = "<group>";
		};
		354D6D9D24ABC5F2000D0103 /* Cells */ = {
			isa = PBXGroup;
			children = (
				354D6DA024ABC6A8000D0103 /* CurrentTemperatureTableViewCell.swift */,
			);
			path = Cells;
			sourceTree = "<group>";
		};
		3592675524AA04F30066306D = {
			isa = PBXGroup;
			children = (
				3592676024AA04F30066306D /* NetworkingTestingApp */,
				3592675F24AA04F30066306D /* Products */,
			);
			sourceTree = "<group>";
		};
		3592675F24AA04F30066306D /* Products */ = {
			isa = PBXGroup;
			children = (
				3592675E24AA04F30066306D /* NetworkingTestingApp.app */,
			);
			name = Products;
			sourceTree = "<group>";
		};
		3592676024AA04F30066306D /* NetworkingTestingApp */ = {
			isa = PBXGroup;
			children = (
				3592677624AA05640066306D /* App */,
				3592679824AA519D0066306D /* Models */,
				354D6D9524AB922B000D0103 /* View Models */,
				3592678424AA06450066306D /* Services */,
				3592677F24AA05700066306D /* Views */,
				3592677524AA05430066306D /* Supporting Files */,
			);
			path = NetworkingTestingApp;
			sourceTree = "<group>";
		};
		3592677524AA05430066306D /* Supporting Files */ = {
			isa = PBXGroup;
			children = (
				3592676A24AA04F40066306D /* Assets.xcassets */,
				3592676C24AA04F40066306D /* LaunchScreen.storyboard */,
				3592676F24AA04F40066306D /* Info.plist */,
				3592679424AA3D5C0066306D /* Keys.plist */,
			);
			path = "Supporting Files";
			sourceTree = "<group>";
		};
		3592677624AA05640066306D /* App */ = {
			isa = PBXGroup;
			children = (
				3592677724AA05640066306D /* Config.swift */,
				3592677824AA05640066306D /* AppDelegate.swift */,
				3592677924AA05640066306D /* SceneDelegate.swift */,
				3592677A24AA05640066306D /* Design.swift */,
			);
			path = App;
			sourceTree = "<group>";
		};
		3592677F24AA05700066306D /* Views */ = {
			isa = PBXGroup;
			children = (
				3592678124AA05700066306D /* ViewsCoordinator.swift */,
				354D6DA224ABC6E9000D0103 /* ConfigurableCell.swift */,
				354D6D9B24ABC5D0000D0103 /* CurrentWeather */,
				354D6D9C24ABC5DD000D0103 /* ForecastWeather */,
			);
			path = Views;
			sourceTree = "<group>";
		};
		3592678424AA06450066306D /* Services */ = {
			isa = PBXGroup;
			children = (
				3592679124AA395D0066306D /* Utilites */,
				3592678524AA06510066306D /* Networking */,
			);
			path = Services;
			sourceTree = "<group>";
		};
		3592678524AA06510066306D /* Networking */ = {
			isa = PBXGroup;
			children = (
				3592678C24AA0AC20066306D /* URLRequestBuilder.swift */,
				3592679624AA4DDA0066306D /* NetworkService.swift */,
			);
			path = Networking;
			sourceTree = "<group>";
		};
		3592679124AA395D0066306D /* Utilites */ = {
			isa = PBXGroup;
			children = (
				3592679224AA398A0066306D /* PlistParser.swift */,
			);
			path = Utilites;
			sourceTree = "<group>";
		};
		3592679824AA519D0066306D /* Models */ = {
			isa = PBXGroup;
			children = (
				3592679924AA51CD0066306D /* CurrentWeather.swift */,
			);
			path = Models;
			sourceTree = "<group>";
		};
/* End PBXGroup section */

/* Begin PBXNativeTarget section */
		3592675D24AA04F30066306D /* NetworkingTestingApp */ = {
			isa = PBXNativeTarget;
			buildConfigurationList = 3592677224AA04F40066306D /* Build configuration list for PBXNativeTarget "NetworkingTestingApp" */;
			buildPhases = (
				3592675A24AA04F30066306D /* Sources */,
				3592675B24AA04F30066306D /* Frameworks */,
				3592675C24AA04F30066306D /* Resources */,
			);
			buildRules = (
			);
			dependencies = (
			);
			name = NetworkingTestingApp;
			packageProductDependencies = (
				3592678724AA09660066306D /* SnapKit */,
				3592678A24AA09CD0066306D /* Alamofire */,
			);
			productName = NetworkingTestingApp;
			productReference = 3592675E24AA04F30066306D /* NetworkingTestingApp.app */;
			productType = "com.apple.product-type.application";
		};
/* End PBXNativeTarget section */

/* Begin PBXProject section */
		3592675624AA04F30066306D /* Project object */ = {
			isa = PBXProject;
			attributes = {
				LastSwiftUpdateCheck = 1150;
				LastUpgradeCheck = 1150;
				ORGANIZATIONNAME = "Петр Тартынских ";
				TargetAttributes = {
					3592675D24AA04F30066306D = {
						CreatedOnToolsVersion = 11.5;
					};
				};
			};
			buildConfigurationList = 3592675924AA04F30066306D /* Build configuration list for PBXProject "NetworkingTestingApp" */;
			compatibilityVersion = "Xcode 9.3";
			developmentRegion = en;
			hasScannedForEncodings = 0;
			knownRegions = (
				en,
				Base,
			);
			mainGroup = 3592675524AA04F30066306D;
			packageReferences = (
				3592678624AA09660066306D /* XCRemoteSwiftPackageReference "SnapKit" */,
				3592678924AA09CD0066306D /* XCRemoteSwiftPackageReference "Alamofire" */,
			);
			productRefGroup = 3592675F24AA04F30066306D /* Products */;
			projectDirPath = "";
			projectRoot = "";
			targets = (
				3592675D24AA04F30066306D /* NetworkingTestingApp */,
			);
		};
/* End PBXProject section */

/* Begin PBXResourcesBuildPhase section */
		3592675C24AA04F30066306D /* Resources */ = {
			isa = PBXResourcesBuildPhase;
			buildActionMask = 2147483647;
			files = (
				3592679524AA3D5C0066306D /* Keys.plist in Resources */,
				3592676E24AA04F40066306D /* LaunchScreen.storyboard in Resources */,
				3592676B24AA04F40066306D /* Assets.xcassets in Resources */,
			);
			runOnlyForDeploymentPostprocessing = 0;
		};
/* End PBXResourcesBuildPhase section */

/* Begin PBXSourcesBuildPhase section */
		3592675A24AA04F30066306D /* Sources */ = {
			isa = PBXSourcesBuildPhase;
			buildActionMask = 2147483647;
			files = (
				3557B20124ABCE3C008B6947 /* CurrentWeatherTableViewManager.swift in Sources */,
				354D6DA324ABC6E9000D0103 /* ConfigurableCell.swift in Sources */,
				354D6D9424AB516B000D0103 /* ForecastWeatherViewController.swift in Sources */,
				3592678D24AA0AC20066306D /* URLRequestBuilder.swift in Sources */,
				3592678224AA05700066306D /* CurrentWeatherViewController.swift in Sources */,
				3592677C24AA05640066306D /* AppDelegate.swift in Sources */,
				3592677E24AA05640066306D /* Design.swift in Sources */,
				3592679724AA4DDA0066306D /* NetworkService.swift in Sources */,
				354D6DA124ABC6A8000D0103 /* CurrentTemperatureTableViewCell.swift in Sources */,
				3592677B24AA05640066306D /* Config.swift in Sources */,
				354D6D9A24ABC12D000D0103 /* ViewModelItem.swift in Sources */,
				3592679A24AA51CD0066306D /* CurrentWeather.swift in Sources */,
				3592679324AA398A0066306D /* PlistParser.swift in Sources */,
				3592677D24AA05640066306D /* SceneDelegate.swift in Sources */,
				3592678324AA05700066306D /* ViewsCoordinator.swift in Sources */,
				354D6D9824AB925A000D0103 /* CurrentWeatherViewModel.swift in Sources */,
			);
			runOnlyForDeploymentPostprocessing = 0;
		};
/* End PBXSourcesBuildPhase section */

/* Begin PBXVariantGroup section */
		3592676C24AA04F40066306D /* LaunchScreen.storyboard */ = {
			isa = PBXVariantGroup;
			children = (
				3592676D24AA04F40066306D /* Base */,
			);
			name = LaunchScreen.storyboard;
			sourceTree = "<group>";
		};
/* End PBXVariantGroup section */

/* Begin XCBuildConfiguration section */
		3592677024AA04F40066306D /* Debug */ = {
			isa = XCBuildConfiguration;
			buildSettings = {
				ALWAYS_SEARCH_USER_PATHS = NO;
				CLANG_ANALYZER_NONNULL = YES;
				CLANG_ANALYZER_NUMBER_OBJECT_CONVERSION = YES_AGGRESSIVE;
				CLANG_CXX_LANGUAGE_STANDARD = "gnu++14";
				CLANG_CXX_LIBRARY = "libc++";
				CLANG_ENABLE_MODULES = YES;
				CLANG_ENABLE_OBJC_ARC = YES;
				CLANG_ENABLE_OBJC_WEAK = YES;
				CLANG_WARN_BLOCK_CAPTURE_AUTORELEASING = YES;
				CLANG_WARN_BOOL_CONVERSION = YES;
				CLANG_WARN_COMMA = YES;
				CLANG_WARN_CONSTANT_CONVERSION = YES;
				CLANG_WARN_DEPRECATED_OBJC_IMPLEMENTATIONS = YES;
				CLANG_WARN_DIRECT_OBJC_ISA_USAGE = YES_ERROR;
				CLANG_WARN_DOCUMENTATION_COMMENTS = YES;
				CLANG_WARN_EMPTY_BODY = YES;
				CLANG_WARN_ENUM_CONVERSION = YES;
				CLANG_WARN_INFINITE_RECURSION = YES;
				CLANG_WARN_INT_CONVERSION = YES;
				CLANG_WARN_NON_LITERAL_NULL_CONVERSION = YES;
				CLANG_WARN_OBJC_IMPLICIT_RETAIN_SELF = YES;
				CLANG_WARN_OBJC_LITERAL_CONVERSION = YES;
				CLANG_WARN_OBJC_ROOT_CLASS = YES_ERROR;
				CLANG_WARN_RANGE_LOOP_ANALYSIS = YES;
				CLANG_WARN_STRICT_PROTOTYPES = YES;
				CLANG_WARN_SUSPICIOUS_MOVE = YES;
				CLANG_WARN_UNGUARDED_AVAILABILITY = YES_AGGRESSIVE;
				CLANG_WARN_UNREACHABLE_CODE = YES;
				CLANG_WARN__DUPLICATE_METHOD_MATCH = YES;
				COPY_PHASE_STRIP = NO;
				DEBUG_INFORMATION_FORMAT = dwarf;
				ENABLE_STRICT_OBJC_MSGSEND = YES;
				ENABLE_TESTABILITY = YES;
				GCC_C_LANGUAGE_STANDARD = gnu11;
				GCC_DYNAMIC_NO_PIC = NO;
				GCC_NO_COMMON_BLOCKS = YES;
				GCC_OPTIMIZATION_LEVEL = 0;
				GCC_PREPROCESSOR_DEFINITIONS = (
					"DEBUG=1",
					"$(inherited)",
				);
				GCC_WARN_64_TO_32_BIT_CONVERSION = YES;
				GCC_WARN_ABOUT_RETURN_TYPE = YES_ERROR;
				GCC_WARN_UNDECLARED_SELECTOR = YES;
				GCC_WARN_UNINITIALIZED_AUTOS = YES_AGGRESSIVE;
				GCC_WARN_UNUSED_FUNCTION = YES;
				GCC_WARN_UNUSED_VARIABLE = YES;
				IPHONEOS_DEPLOYMENT_TARGET = 13.5;
				MTL_ENABLE_DEBUG_INFO = INCLUDE_SOURCE;
				MTL_FAST_MATH = YES;
				ONLY_ACTIVE_ARCH = YES;
				SDKROOT = iphoneos;
				SWIFT_ACTIVE_COMPILATION_CONDITIONS = DEBUG;
				SWIFT_OPTIMIZATION_LEVEL = "-Onone";
			};
			name = Debug;
		};
		3592677124AA04F40066306D /* Release */ = {
			isa = XCBuildConfiguration;
			buildSettings = {
				ALWAYS_SEARCH_USER_PATHS = NO;
				CLANG_ANALYZER_NONNULL = YES;
				CLANG_ANALYZER_NUMBER_OBJECT_CONVERSION = YES_AGGRESSIVE;
				CLANG_CXX_LANGUAGE_STANDARD = "gnu++14";
				CLANG_CXX_LIBRARY = "libc++";
				CLANG_ENABLE_MODULES = YES;
				CLANG_ENABLE_OBJC_ARC = YES;
				CLANG_ENABLE_OBJC_WEAK = YES;
				CLANG_WARN_BLOCK_CAPTURE_AUTORELEASING = YES;
				CLANG_WARN_BOOL_CONVERSION = YES;
				CLANG_WARN_COMMA = YES;
				CLANG_WARN_CONSTANT_CONVERSION = YES;
				CLANG_WARN_DEPRECATED_OBJC_IMPLEMENTATIONS = YES;
				CLANG_WARN_DIRECT_OBJC_ISA_USAGE = YES_ERROR;
				CLANG_WARN_DOCUMENTATION_COMMENTS = YES;
				CLANG_WARN_EMPTY_BODY = YES;
				CLANG_WARN_ENUM_CONVERSION = YES;
				CLANG_WARN_INFINITE_RECURSION = YES;
				CLANG_WARN_INT_CONVERSION = YES;
				CLANG_WARN_NON_LITERAL_NULL_CONVERSION = YES;
				CLANG_WARN_OBJC_IMPLICIT_RETAIN_SELF = YES;
				CLANG_WARN_OBJC_LITERAL_CONVERSION = YES;
				CLANG_WARN_OBJC_ROOT_CLASS = YES_ERROR;
				CLANG_WARN_RANGE_LOOP_ANALYSIS = YES;
				CLANG_WARN_STRICT_PROTOTYPES = YES;
				CLANG_WARN_SUSPICIOUS_MOVE = YES;
				CLANG_WARN_UNGUARDED_AVAILABILITY = YES_AGGRESSIVE;
				CLANG_WARN_UNREACHABLE_CODE = YES;
				CLANG_WARN__DUPLICATE_METHOD_MATCH = YES;
				COPY_PHASE_STRIP = NO;
				DEBUG_INFORMATION_FORMAT = "dwarf-with-dsym";
				ENABLE_NS_ASSERTIONS = NO;
				ENABLE_STRICT_OBJC_MSGSEND = YES;
				GCC_C_LANGUAGE_STANDARD = gnu11;
				GCC_NO_COMMON_BLOCKS = YES;
				GCC_WARN_64_TO_32_BIT_CONVERSION = YES;
				GCC_WARN_ABOUT_RETURN_TYPE = YES_ERROR;
				GCC_WARN_UNDECLARED_SELECTOR = YES;
				GCC_WARN_UNINITIALIZED_AUTOS = YES_AGGRESSIVE;
				GCC_WARN_UNUSED_FUNCTION = YES;
				GCC_WARN_UNUSED_VARIABLE = YES;
				IPHONEOS_DEPLOYMENT_TARGET = 13.5;
				MTL_ENABLE_DEBUG_INFO = NO;
				MTL_FAST_MATH = YES;
				SDKROOT = iphoneos;
				SWIFT_COMPILATION_MODE = wholemodule;
				SWIFT_OPTIMIZATION_LEVEL = "-O";
				VALIDATE_PRODUCT = YES;
			};
			name = Release;
		};
		3592677324AA04F40066306D /* Debug */ = {
			isa = XCBuildConfiguration;
			buildSettings = {
				ASSETCATALOG_COMPILER_APPICON_NAME = AppIcon;
				CODE_SIGN_STYLE = Automatic;
				DEVELOPMENT_TEAM = F325XZB89B;
				INFOPLIST_FILE = "NetworkingTestingApp/Supporting Files/Info.plist";
				LD_RUNPATH_SEARCH_PATHS = (
					"$(inherited)",
					"@executable_path/Frameworks",
				);
				PRODUCT_BUNDLE_IDENTIFIER = tartynskikh.ps.NetworkingTestingApp;
				PRODUCT_NAME = "$(TARGET_NAME)";
				SWIFT_VERSION = 5.0;
				TARGETED_DEVICE_FAMILY = "1,2";
			};
			name = Debug;
		};
		3592677424AA04F40066306D /* Release */ = {
			isa = XCBuildConfiguration;
			buildSettings = {
				ASSETCATALOG_COMPILER_APPICON_NAME = AppIcon;
				CODE_SIGN_STYLE = Automatic;
				DEVELOPMENT_TEAM = F325XZB89B;
				INFOPLIST_FILE = "NetworkingTestingApp/Supporting Files/Info.plist";
				LD_RUNPATH_SEARCH_PATHS = (
					"$(inherited)",
					"@executable_path/Frameworks",
				);
				PRODUCT_BUNDLE_IDENTIFIER = tartynskikh.ps.NetworkingTestingApp;
				PRODUCT_NAME = "$(TARGET_NAME)";
				SWIFT_VERSION = 5.0;
				TARGETED_DEVICE_FAMILY = "1,2";
			};
			name = Release;
		};
/* End XCBuildConfiguration section */

/* Begin XCConfigurationList section */
		3592675924AA04F30066306D /* Build configuration list for PBXProject "NetworkingTestingApp" */ = {
			isa = XCConfigurationList;
			buildConfigurations = (
				3592677024AA04F40066306D /* Debug */,
				3592677124AA04F40066306D /* Release */,
			);
			defaultConfigurationIsVisible = 0;
			defaultConfigurationName = Release;
		};
		3592677224AA04F40066306D /* Build configuration list for PBXNativeTarget "NetworkingTestingApp" */ = {
			isa = XCConfigurationList;
			buildConfigurations = (
				3592677324AA04F40066306D /* Debug */,
				3592677424AA04F40066306D /* Release */,
			);
			defaultConfigurationIsVisible = 0;
			defaultConfigurationName = Release;
		};
/* End XCConfigurationList section */

/* Begin XCRemoteSwiftPackageReference section */
		3592678624AA09660066306D /* XCRemoteSwiftPackageReference "SnapKit" */ = {
			isa = XCRemoteSwiftPackageReference;
			repositoryURL = "https://github.com/SnapKit/SnapKit";
			requirement = {
				kind = upToNextMajorVersion;
				minimumVersion = 5.0.1;
			};
		};
		3592678924AA09CD0066306D /* XCRemoteSwiftPackageReference "Alamofire" */ = {
			isa = XCRemoteSwiftPackageReference;
			repositoryURL = "https://github.com/Alamofire/Alamofire";
			requirement = {
				kind = upToNextMajorVersion;
				minimumVersion = 5.2.1;
			};
		};
/* End XCRemoteSwiftPackageReference section */

/* Begin XCSwiftPackageProductDependency section */
		3592678724AA09660066306D /* SnapKit */ = {
			isa = XCSwiftPackageProductDependency;
			package = 3592678624AA09660066306D /* XCRemoteSwiftPackageReference "SnapKit" */;
			productName = SnapKit;
		};
		3592678A24AA09CD0066306D /* Alamofire */ = {
			isa = XCSwiftPackageProductDependency;
			package = 3592678924AA09CD0066306D /* XCRemoteSwiftPackageReference "Alamofire" */;
			productName = Alamofire;
		};
/* End XCSwiftPackageProductDependency section */
	};
	rootObject = 3592675624AA04F30066306D /* Project object */;
}
